
Microsoft Visual Studio Solution File, Format Version 12.00
# Visual Studio Version 17
VisualStudioVersion = 17.0.32112.339
MinimumVisualStudioVersion = 10.0.40219.1
Project("{9A19103F-16F7-4668-BE54-9A1E7A4F7556}") = "HaroohieClub.NitroPacker.Cli", "HaroohieClub.NitroPacker.Cli\HaroohieClub.NitroPacker.Cli.csproj", "{E66F7906-D350-47B9-80AF-730CCFC27D9C}"
EndProject
Project("{9A19103F-16F7-4668-BE54-9A1E7A4F7556}") = "HaroohieClub.NitroPacker", "HaroohieClub.NitroPacker\HaroohieClub.NitroPacker.csproj", "{2B57DC29-801A-49D0-99E2-662CA96C2C3A}"
EndProject
Project("{FAE04EC0-301F-11D3-BF4B-00C04F79EFBC}") = "HaroohieClub.NitroPacker.SymTableHelper", "HaroohieClub.NitroPacker.SymTableHelper\HaroohieClub.NitroPacker.SymTableHelper.csproj", "{42E95BCC-1700-400B-BCEF-654EBCAA3C61}"
EndProject
Global
	GlobalSection(SolutionConfigurationPlatforms) = preSolution
		Debug|Any CPU = Debug|Any CPU
		Release|Any CPU = Release|Any CPU
	EndGlobalSection
	GlobalSection(ProjectConfigurationPlatforms) = postSolution
		{E66F7906-D350-47B9-80AF-730CCFC27D9C}.Debug|Any CPU.ActiveCfg = Debug|Any CPU
		{E66F7906-D350-47B9-80AF-730CCFC27D9C}.Debug|Any CPU.Build.0 = Debug|Any CPU
		{E66F7906-D350-47B9-80AF-730CCFC27D9C}.Release|Any CPU.ActiveCfg = Release|Any CPU
		{E66F7906-D350-47B9-80AF-730CCFC27D9C}.Release|Any CPU.Build.0 = Release|Any CPU
		{2B57DC29-801A-49D0-99E2-662CA96C2C3A}.Debug|Any CPU.ActiveCfg = Debug|Any CPU
		{2B57DC29-801A-49D0-99E2-662CA96C2C3A}.Debug|Any CPU.Build.0 = Debug|Any CPU
		{2B57DC29-801A-49D0-99E2-662CA96C2C3A}.Release|Any CPU.ActiveCfg = Release|Any CPU
		{2B57DC29-801A-49D0-99E2-662CA96C2C3A}.Release|Any CPU.Build.0 = Release|Any CPU
		{42E95BCC-1700-400B-BCEF-654EBCAA3C61}.Debug|Any CPU.ActiveCfg = Debug|Any CPU
		{42E95BCC-1700-400B-BCEF-654EBCAA3C61}.Debug|Any CPU.Build.0 = Debug|Any CPU
		{42E95BCC-1700-400B-BCEF-654EBCAA3C61}.Release|Any CPU.ActiveCfg = Release|Any CPU
		{42E95BCC-1700-400B-BCEF-654EBCAA3C61}.Release|Any CPU.Build.0 = Release|Any CPU
	EndGlobalSection
	GlobalSection(SolutionProperties) = preSolution
		HideSolutionNode = FALSE
	EndGlobalSection
	GlobalSection(ExtensibilityGlobals) = postSolution
		SolutionGuid = {B82C03BE-1378-4C94-BEFA-090EBCE94DA6}
	EndGlobalSection
EndGlobal
